{
  "lockfileVersion": 1,
  "configVersion": 1,
  "workspaces": {
    "": {
      "name": "dystil-auth-service",
      "dependencies": {
        "@daveyplate/better-auth-tauri": "^0.1.9",
        "@react-email/components": "^1.0.12",
        "@react-email/render": "^2.0.9",
        "better-auth": "^1.6.23",
        "hono": "^4.12.25",
        "nodemailer": "^9.0.1",
        "pg": "^8.21.0",
      },
      "devDependencies": {
        "@types/bun": "^1.3.14",
        "@types/node": "^25.9.3",
        "@types/nodemailer": "^8.0.1",
        "@types/pg": "^8.20.0",
        "@types/react": "^19.2.17",
        "dotenv-cli": "^7.4.2",
        "typescript": "^5.9.3",
      },
    },
  },
  "packages": {
    "@better-auth/core": ["@better-auth/core@1.6.23", "", { "dependencies": { "@opentelemetry/semantic-conventions": "^1.39.0", "@standard-schema/spec": "^1.1.0", "zod": "^4.3.6" }, "peerDependencies": { "@better-auth/utils": "0.4.2", "@better-fetch/fetch": "1.3.1", "@cloudflare/workers-types": ">=4", "@opentelemetry/api": "^1.9.0", "better-call": "1.3.7", "jose": "^6.1.0", "kysely": "^0.28.5 || ^0.29.0", "nanostores": "^1.0.1" }, "optionalPeers": ["@cloudflare/workers-types", "@opentelemetry/api"] }, "sha512-beEhOs0uVeOxYOZKUfIEBd/nQV2Bd4/6wyLxZ0OFkn6CMTK2Vi+hXuZLnyPBeB6RdHpebEoJWiHqwHxBIxgPDQ=="],

    "@better-auth/drizzle-adapter": ["@better-auth/drizzle-adapter@1.6.23", "", { "peerDependencies": { "@better-auth/core": "^1.6.23", "@better-auth/utils": "0.4.2", "drizzle-orm": "^0.45.2" }, "optionalPeers": ["drizzle-orm"] }, "sha512-2+/PTVfIP9E7iz6af8TB3lhnowHUj9ljC66kECmHaFEdUqPgzHoWux9epotKwO7XDg2ui4ttWQ8CMeNFLvQeKQ=="],

    "@better-auth/kysely-adapter": ["@better-auth/kysely-adapter@1.6.23", "", { "peerDependencies": { "@better-auth/core": "^1.6.23", "@better-auth/utils": "0.4.2", "kysely": "^0.28.17 || ^0.29.0" }, "optionalPeers": ["kysely"] }, "sha512-zbNJsMbG09exfkGyvFqBLLqWoMPAUWjxCuUnEK5AsjbYoZeIjj/QGZgdf4CapVWryKxjA9Q6Jlr6fbiPpC3VAg=="],

    "@better-auth/memory-adapter": ["@better-auth/memory-adapter@1.6.23", "", { "peerDependencies": { "@better-auth/core": "^1.6.23", "@better-auth/utils": "0.4.2" } }, "sha512-krIiR0pIVkaKlAzm690n5bcMW4NGbqeMg0HQSD9fz/KcQF/eWLqcq9gG/BhHTj2i/y96qH+W5JWPmaSOS5iTgQ=="],

    "@better-auth/mongo-adapter": ["@better-auth/mongo-adapter@1.6.23", "", { "peerDependencies": { "@better-auth/core": "^1.6.23", "@better-auth/utils": "0.4.2", "mongodb": "^6.0.0 || ^7.0.0" }, "optionalPeers": ["mongodb"] }, "sha512-7+QdevitGlKBbP6JbiSk5SBnzPsKV/mDrQBGBn8hwByQLeJwqpqbuBPw7ZI8vzUlFfAAnyFiqwP3Eb8mxnp7pA=="],

    "@better-auth/prisma-adapter": ["@better-auth/prisma-adapter@1.6.23", "", { "peerDependencies": { "@better-auth/core": "^1.6.23", "@better-auth/utils": "0.4.2", "@prisma/client": "^5.0.0 || ^6.0.0 || ^7.0.0", "prisma": "^5.0.0 || ^6.0.0 || ^7.0.0" }, "optionalPeers": ["@prisma/client", "prisma"] }, "sha512-2qSdzidq4tkb1eS5TTqb4Nzg0mdZWm3Qky9SYeXeb8PpVQbC2sxqJhEM5mK7y12uU6I8hc64wO9f7AFVNL+6UQ=="],

    "@better-auth/telemetry": ["@better-auth/telemetry@1.6.23", "", { "peerDependencies": { "@better-auth/core": "^1.6.23", "@better-auth/utils": "0.4.2", "@better-fetch/fetch": "1.3.1" } }, "sha512-/R2Kb+z2BpDOOWwVHqOk+c0VNpuwfCv4Hp5Yr9003WIZPax/zyNraGLB9CFE8qF2gZW8Dsz419k4I8CPrGzpDA=="],

    "@better-auth/utils": ["@better-auth/utils@0.4.2", "", { "dependencies": { "@noble/hashes": "^2.0.1" } }, "sha512-AUxrvu+HaaODsUyzDxFgwd/8RZ1yZaYo42LXKSrU2oGgR38pS1ij8nqQKNgtTWoYGpNevNXtCfgTy6loHveW9A=="],

    "@better-fetch/fetch": ["@better-fetch/fetch@1.3.1", "", {}, "sha512-ABkD1WhyfPZprKRQI3bhATjeiFuNWC9PXhfGWqL+sg/gKrM977oFrYkdb4msM3hgUGonr7KlOsOFT5TU2rht9g=="],

    "@daveyplate/better-auth-tauri": ["@daveyplate/better-auth-tauri@0.1.9", "", { "peerDependencies": { "@tauri-apps/api": ">=2.5.0", "@tauri-apps/plugin-deep-link": ">=2.2.1", "@tauri-apps/plugin-http": ">=2.4.3", "@tauri-apps/plugin-opener": ">=2.2.6", "@tauri-apps/plugin-os": ">=2.2.1", "better-auth": ">=1.2.7", "react": ">=18.0.0", "react-dom": ">=18.0.0" } }, "sha512-XsIBdcmdGvmSJ6eQNtSm9VO4/68Dr+0MkSMFsK4MX5Ou4J/Q0UNGUr11fwoH5Mp5rA3Mw2qg7sW2pAEwHUfGyQ=="],

    "@noble/ciphers": ["@noble/ciphers@2.2.0", "", {}, "sha512-Z6pjIZ/8IJcCGzb2S/0Px5J81yij85xASuk1teLNeg75bfT07MV3a/O2Mtn1I2se43k3lkVEcFaR10N4cgQcZA=="],

    "@noble/hashes": ["@noble/hashes@2.2.0", "", {}, "sha512-IYqDGiTXab6FniAgnSdZwgWbomxpy9FtYvLKs7wCUs2a8RkITG+DFGO1DM9cr+E3/RgADRpFjrKVaJ1z6sjtEg=="],

    "@opentelemetry/semantic-conventions": ["@opentelemetry/semantic-conventions@1.41.1", "", {}, "sha512-/UhIkaZgPutTFmQ7RnIJGgDXZmtEJ7Dvi86xNTFWcnRxVRNk/aotsqDJYeEvDP+FSMB2SdW+pQzNMcWP0rwuNA=="],

    "@react-email/body": ["@react-email/body@0.3.0", "", { "peerDependencies": { "react": "^18.0 || ^19.0 || ^19.0.0-rc" } }, "sha512-uGo0BOOzjbMUo3lu+BIDWayvn5o6Xyfmnlla5VGf05n8gHMvO1ll7U4FtzWe3hxMLwt53pmc4iE0M+B5slG+Ug=="],

    "@react-email/button": ["@react-email/button@0.2.1", "", { "peerDependencies": { "react": "^18.0 || ^19.0 || ^19.0.0-rc" } }, "sha512-qXyj7RZLE7POy9BMKSoqQ00tOXThjOZSUnI2Yu9i29IHngPlmrNayIWBoVKtElES7OWwypUcpiajwi1mUWx6/A=="],

    "@react-email/code-block": ["@react-email/code-block@0.2.1", "", { "dependencies": { "prismjs": "^1.30.0" }, "peerDependencies": { "react": "^18.0 || ^19.0 || ^19.0.0-rc" } }, "sha512-M3B7JpVH4ytgn83/ujRR1k1DQHvTeABiDM61OvAbjLRPhC/5KLHU5KkzIbbuGIrjWwxAbL1kSQzU8MhLEtSxyw=="],

    "@react-email/code-inline": ["@react-email/code-inline@0.0.6", "", { "peerDependencies": { "react": "^18.0 || ^19.0 || ^19.0.0-rc" } }, "sha512-jfhebvv3dVsp3OdPgKXnk8+e2pBiDVZejDOBFzBa/IblrAJ9cQDkN6rBD5IyEg8hTOxwbw3iaI/yZFmDmIguIA=="],

    "@react-email/column": ["@react-email/column@0.0.14", "", { "peerDependencies": { "react": "^18.0 || ^19.0 || ^19.0.0-rc" } }, "sha512-f+W+Bk2AjNO77zynE33rHuQhyqVICx4RYtGX9NKsGUg0wWjdGP0qAuIkhx9Rnmk4/hFMo1fUrtYNqca9fwJdHg=="],

    "@react-email/components": ["@react-email/components@1.0.12", "", { "dependencies": { "@react-email/body": "0.3.0", "@react-email/button": "0.2.1", "@react-email/code-block": "0.2.1", "@react-email/code-inline": "0.0.6", "@react-email/column": "0.0.14", "@react-email/container": "0.0.16", "@react-email/font": "0.0.10", "@react-email/head": "0.0.13", "@react-email/heading": "0.0.16", "@react-email/hr": "0.0.12", "@react-email/html": "0.0.12", "@react-email/img": "0.0.12", "@react-email/link": "0.0.13", "@react-email/markdown": "0.0.18", "@react-email/preview": "0.0.14", "@react-email/render": "2.0.6", "@react-email/row": "0.0.13", "@react-email/section": "0.0.17", "@react-email/tailwind": "2.0.7", "@react-email/text": "0.1.6" }, "peerDependencies": { "react": "^18.0 || ^19.0 || ^19.0.0-rc" } }, "sha512-tH18JhPDWgE+3jnYkzyB6ZrZdfNnEsFe4PwmuXmlOw4NGIysP8wPY5aXZg++pTG9qUabXg1nzX/FGHGkObH8xQ=="],

    "@react-email/container": ["@react-email/container@0.0.16", "", { "peerDependencies": { "react": "^18.0 || ^19.0 || ^19.0.0-rc" } }, "sha512-QWBB56RkkU0AJ9h+qy33gfT5iuZknPC7Un/IjZv9B0QmMIK+WWacc0cH6y2SV5Cv/b99hU94fjEMOOO4enpkbQ=="],

    "@react-email/font": ["@react-email/font@0.0.10", "", { "peerDependencies": { "react": "^18.0 || ^19.0 || ^19.0.0-rc" } }, "sha512-0urVSgCmQIfx5r7Xc586miBnQUVnGp3OTYUm8m5pwtQRdTRO5XrTtEfNJ3JhYhSOruV0nD8fd+dXtKXobum6tA=="],

    "@react-email/head": ["@react-email/head@0.0.13", "", { "peerDependencies": { "react": "^18.0 || ^19.0 || ^19.0.0-rc" } }, "sha512-AJg6le/08Gz4tm+6MtKXqtNNyKHzmooOCdmtqmWxD7FxoAdU1eVcizhtQ0gcnVaY6ethEyE/hnEzQxt1zu5Kog=="],

    "@react-email/heading": ["@react-email/heading@0.0.16", "", { "peerDependencies": { "react": "^18.0 || ^19.0 || ^19.0.0-rc" } }, "sha512-jmsKnQm1ykpBzw4hCYHwBkt5pW2jScXffPeEH5ZRF5tZeF5b1pvlFTO9han7C0pCkZYo1kEvWiRtx69yfCIwuw=="],

    "@react-email/hr": ["@react-email/hr@0.0.12", "", { "peerDependencies": { "react": "^18.0 || ^19.0 || ^19.0.0-rc" } }, "sha512-TwmOmBDibavUQpXBxpmZYi2Iks/yeZOzFYh+di9EltMSnEabH8dMZXrl+pxNXzCgZ2XE8HY7VmUL65Lenfu5PA=="],

    "@react-email/html": ["@react-email/html@0.0.12", "", { "peerDependencies": { "react": "^18.0 || ^19.0 || ^19.0.0-rc" } }, "sha512-KTShZesan+UsreU7PDUV90afrZwU5TLwYlALuCSU0OT+/U8lULNNbAUekg+tGwCnOfIKYtpDPKkAMRdYlqUznw=="],

    "@react-email/img": ["@react-email/img@0.0.12", "", { "peerDependencies": { "react": "^18.0 || ^19.0 || ^19.0.0-rc" } }, "sha512-sRCpEARNVTf3FQhZOC+JTvu5r6ubiYWkT0ucYXg8ctkyi4G8QG+jgYPiNUqVeTLA2STOfmPM/nrk1nb84y6CPQ=="],

    "@react-email/link": ["@react-email/link@0.0.13", "", { "peerDependencies": { "react": "^18.0 || ^19.0 || ^19.0.0-rc" } }, "sha512-lkWc/NjOcefRZMkQoSDDbuKBEBDES9aXnFEOuPH845wD3TxPwh+QTf0fStuzjoRLUZWpHnio4z7qGGRYusn/sw=="],

    "@react-email/markdown": ["@react-email/markdown@0.0.18", "", { "dependencies": { "marked": "^15.0.12" }, "peerDependencies": { "react": "^18.0 || ^19.0 || ^19.0.0-rc" } }, "sha512-gSuYK5fsMbGk87jDebqQ6fa2fKcWlkf2Dkva8kMONqLgGCq8/0d+ZQYMEJsdidIeBo3kmsnHZPrwdFB4HgjUXg=="],

    "@react-email/preview": ["@react-email/preview@0.0.14", "", { "peerDependencies": { "react": "^18.0 || ^19.0 || ^19.0.0-rc" } }, "sha512-aYK8q0IPkBXyMsbpMXgxazwHxYJxTrXrV95GFuu2HbEiIToMwSyUgb8HDFYwPqqfV03/jbwqlsXmFxsOd+VNaw=="],

    "@react-email/render": ["@react-email/render@2.0.9", "", { "dependencies": { "html-to-text": "^9.0.5", "prettier": "^3.5.3" }, "peerDependencies": { "react": "^18.0 || ^19.0 || ^19.0.0-rc", "react-dom": "^18.0 || ^19.0 || ^19.0.0-rc" } }, "sha512-M89LiXy2q+9tmQ4VMR0rYGuEe6NJ6HhZsSxBMoLwIia5fVOLcZQcZe2GEO0nAkLZspDjEhn7mtMRPmeMKECEdQ=="],

    "@react-email/row": ["@react-email/row@0.0.13", "", { "peerDependencies": { "react": "^18.0 || ^19.0 || ^19.0.0-rc" } }, "sha512-bYnOac40vIKCId7IkwuLAAsa3fKfSfqCvv6epJKmPE0JBuu5qI4FHFCl9o9dVpIIS08s/ub+Y/txoMt0dYziGw=="],

    "@react-email/section": ["@react-email/section@0.0.17", "", { "peerDependencies": { "react": "^18.0 || ^19.0 || ^19.0.0-rc" } }, "sha512-qNl65ye3W0Rd5udhdORzTV9ezjb+GFqQQSae03NDzXtmJq6sqVXNWNiVolAjvJNypim+zGXmv6J9TcV5aNtE/w=="],

    "@react-email/tailwind": ["@react-email/tailwind@2.0.7", "", { "dependencies": { "tailwindcss": "^4.1.18" }, "peerDependencies": { "@react-email/body": ">=0", "@react-email/button": ">=0", "@react-email/code-block": ">=0", "@react-email/code-inline": ">=0", "@react-email/container": ">=0", "@react-email/heading": ">=0", "@react-email/hr": ">=0", "@react-email/img": ">=0", "@react-email/link": ">=0", "@react-email/preview": ">=0", "@react-email/text": ">=0", "react": "^18.0 || ^19.0 || ^19.0.0-rc" }, "optionalPeers": ["@react-email/body", "@react-email/button", "@react-email/code-block", "@react-email/code-inline", "@react-email/container", "@react-email/heading", "@react-email/hr", "@react-email/img", "@react-email/link", "@react-email/preview"] }, "sha512-kGw80weVFXikcnCXbigTGXGWQ0MRCSYNCudcdkWxebkWYd0FG6/NPoN3V1p/u68/4+NxZwYPVi2fhnp0x23HdA=="],

    "@react-email/text": ["@react-email/text@0.1.6", "", { "peerDependencies": { "react": "^18.0 || ^19.0 || ^19.0.0-rc" } }, "sha512-TYqkioRS45wTR5il3dYk/SbUjjEdhSwh9BtRNB99qNH1pXAwA45H7rAuxehiu8iJQJH0IyIr+6n62gBz9ezmsw=="],

    "@selderee/plugin-htmlparser2": ["@selderee/plugin-htmlparser2@0.11.0", "", { "dependencies": { "domhandler": "^5.0.3", "selderee": "^0.11.0" } }, "sha512-P33hHGdldxGabLFjPPpaTxVolMrzrcegejx+0GxjrIb9Zv48D8yAIA/QTDR2dFl7Uz7urX8aX6+5bCZslr+gWQ=="],

    "@standard-schema/spec": ["@standard-schema/spec@1.1.0", "", {}, "sha512-l2aFy5jALhniG5HgqrD6jXLi/rUWrKvqN/qJx6yoJsgKhblVd+iqqU4RCXavm/jPityDo5TCvKMnpjKnOriy0w=="],

    "@tauri-apps/api": ["@tauri-apps/api@2.11.1", "", {}, "sha512-M2FPuYND2m+wh5hfW9ZpSdxMPdEJovPBWwoHJmwUpysTYNHaOkVFN419m/K0LIgjb/7KU2vBgsUepJWugQCvAA=="],

    "@tauri-apps/plugin-deep-link": ["@tauri-apps/plugin-deep-link@2.4.9", "", { "dependencies": { "@tauri-apps/api": "^2.11.0" } }, "sha512-u0SKOUHnJ1wqeqXsDFq2+kASCBj9xxbG0g9XZWPy9SOmU4wXtp6b/wiYpm6oH6/5fBTQsLqnLhIvqLBRpgHJlA=="],

    "@tauri-apps/plugin-http": ["@tauri-apps/plugin-http@2.5.9", "", { "dependencies": { "@tauri-apps/api": "^2.11.0" } }, "sha512-lCiY0+vs4HvIUSvZrBs8TC3TiCB0MOPRmiUjTq4prW7SlcJE2jdLeT6KBsJrT9Tlplufl7W1pY6SFAO3gCWxDA=="],

    "@tauri-apps/plugin-opener": ["@tauri-apps/plugin-opener@2.5.4", "", { "dependencies": { "@tauri-apps/api": "^2.11.0" } }, "sha512-1HnPkb+AmgO29HBazm4uPLKB+r7zzcTBW1d0fyYp1uP+jwtpoiNDGKMMzz58SFp49nOIrxdE3aUJtT57lfO9CQ=="],

    "@tauri-apps/plugin-os": ["@tauri-apps/plugin-os@2.3.2", "", { "dependencies": { "@tauri-apps/api": "^2.8.0" } }, "sha512-n+nXWeuSeF9wcEsSPmRnBEGrRgOy6jjkSU+UVCOV8YUGKb2erhDOxis7IqRXiRVHhY8XMKks00BJ0OAdkpf6+A=="],

    "@types/bun": ["@types/bun@1.3.14", "", { "dependencies": { "bun-types": "1.3.14" } }, "sha512-h1hFqFVcvAvD9j9K7ZW7vd82aSA+rTdznZa+5bwvCwqSB1jmmfLcbIWhOLx1/+boy/xmjgCs/OMUL8hRJSmnPw=="],

    "@types/node": ["@types/node@25.9.3", "", { "dependencies": { "undici-types": ">=7.24.0 <7.24.7" } }, "sha512-603BddQMv3pUcr4U2dhujk83N2tTDVr/34wII2B6bJy6g+8WD6yUb11jszNs0gdi4PesVWl7ABt8nYMVpnLUcg=="],

    "@types/nodemailer": ["@types/nodemailer@8.0.1", "", { "dependencies": { "@types/node": "*" } }, "sha512-PxpaInm8V1JQDd4j0ds5HfvWQk8JupS1C0Picb96QJsrrRDjBH+DlK7L4ZdNSqNULhiZRQHc40nLVShaGxXAMw=="],

    "@types/pg": ["@types/pg@8.20.0", "", { "dependencies": { "@types/node": "*", "pg-protocol": "*", "pg-types": "^2.2.0" } }, "sha512-bEPFOaMAHTEP1EzpvHTbmwR8UsFyHSKsRisLIHVMXnpNefSbGA1bD6CVy+qKjGSqmZqNqBDV2azOBo8TgkcVow=="],

    "@types/react": ["@types/react@19.2.17", "", { "dependencies": { "csstype": "^3.2.2" } }, "sha512-MXfmqaVPEVgkBT/aY0aGCkRWWtByiYQXo3xdQ8r5RzuFrPiRn8Gar2tQdXSUQ2GKV3bkXckek89V8wQBY2Q/Aw=="],

    "better-auth": ["better-auth@1.6.23", "", { "dependencies": { "@better-auth/core": "1.6.23", "@better-auth/drizzle-adapter": "1.6.23", "@better-auth/kysely-adapter": "1.6.23", "@better-auth/memory-adapter": "1.6.23", "@better-auth/mongo-adapter": "1.6.23", "@better-auth/prisma-adapter": "1.6.23", "@better-auth/telemetry": "1.6.23", "@better-auth/utils": "0.4.2", "@better-fetch/fetch": "1.3.1", "@noble/ciphers": "^2.1.1", "@noble/hashes": "^2.0.1", "better-call": "1.3.7", "defu": "^6.1.4", "jose": "^6.1.3", "kysely": "^0.28.17 || ^0.29.0", "nanostores": "^1.1.1", "zod": "^4.3.6" }, "peerDependencies": { "@lynx-js/react": "*", "@prisma/client": "^5.0.0 || ^6.0.0 || ^7.0.0", "@sveltejs/kit": "^2.0.0", "@tanstack/react-start": "^1.0.0", "@tanstack/solid-start": "^1.0.0", "better-sqlite3": "^12.0.0", "drizzle-kit": ">=0.31.4", "drizzle-orm": "^0.45.2", "mongodb": "^6.0.0 || ^7.0.0", "mysql2": "^3.0.0", "next": "^14.0.0 || ^15.0.0 || ^16.0.0", "pg": "^8.0.0", "prisma": "^5.0.0 || ^6.0.0 || ^7.0.0", "react": "^18.0.0 || ^19.0.0", "react-dom": "^18.0.0 || ^19.0.0", "solid-js": "^1.0.0", "svelte": "^4.0.0 || ^5.0.0", "vitest": "^2.0.0 || ^3.0.0 || ^4.0.0", "vue": "^3.0.0" }, "optionalPeers": ["@lynx-js/react", "@prisma/client", "@sveltejs/kit", "@tanstack/react-start", "@tanstack/solid-start", "better-sqlite3", "drizzle-kit", "drizzle-orm", "mongodb", "mysql2", "next", "pg", "prisma", "react", "react-dom", "solid-js", "svelte", "vitest", "vue"] }, "sha512-4vOaRd9UiKGKm9R+ej0jjU1es3MiJIiNc9Qq3VCnYqOZ4/nb5272QqTxWYoDxyUXl5x6A2x2we5KZKQO9teTQQ=="],

    "better-call": ["better-call@1.3.7", "", { "dependencies": { "@better-auth/utils": "^0.4.0", "@better-fetch/fetch": "^1.1.21", "rou3": "^0.7.12", "set-cookie-parser": "^3.0.1" }, "peerDependencies": { "zod": "^4.0.0" }, "optionalPeers": ["zod"] }, "sha512-Al51/hjp2SSp6CRTa3F2ptcx4yQVS1xWKoY6jcVXqNYOap6mHFP2jUBn5EwIL4iIed1/Sq4hlQ+Umm6EflZG+w=="],

    "bun-types": ["bun-types@1.3.14", "", { "dependencies": { "@types/node": "*" } }, "sha512-4N0ig0fEomHt5R0KCFWjovxow98rIoRwKolrYdCcknNwMekCXRnWEUvgu5soYV8QXtVsrUD8B95MBOZGPvr6KQ=="],

    "cross-spawn": ["cross-spawn@7.0.6", "", { "dependencies": { "path-key": "^3.1.0", "shebang-command": "^2.0.0", "which": "^2.0.1" } }, "sha512-uV2QOWP2nWzsy2aMp8aRibhi9dlzF5Hgh5SHaB9OiTGEyDTiJJyx0uy51QXdyWbtAHNua4XJzUKca3OzKUd3vA=="],

    "csstype": ["csstype@3.2.3", "", {}, "sha512-z1HGKcYy2xA8AGQfwrn0PAy+PB7X/GSj3UVJW9qKyn43xWa+gl5nXmU4qqLMRzWVLFC8KusUX8T/0kCiOYpAIQ=="],

    "deepmerge": ["deepmerge@4.3.1", "", {}, "sha512-3sUqbMEc77XqpdNO7FRyRog+eW3ph+GYCbj+rK+uYyRMuwsVy0rMiVtPn+QJlKFvWP/1PYpapqYn0Me2knFn+A=="],

    "defu": ["defu@6.1.7", "", {}, "sha512-7z22QmUWiQ/2d0KkdYmANbRUVABpZ9SNYyH5vx6PZ+nE5bcC0l7uFvEfHlyld/HcGBFTL536ClDt3DEcSlEJAQ=="],

    "dom-serializer": ["dom-serializer@2.0.0", "", { "dependencies": { "domelementtype": "^2.3.0", "domhandler": "^5.0.2", "entities": "^4.2.0" } }, "sha512-wIkAryiqt/nV5EQKqQpo3SToSOV9J0DnbJqwK7Wv/Trc92zIAYZ4FlMu+JPFW1DfGFt81ZTCGgDEabffXeLyJg=="],

    "domelementtype": ["domelementtype@2.3.0", "", {}, "sha512-OLETBj6w0OsagBwdXnPdN0cnMfF9opN69co+7ZrbfPGrdpPVNBUj02spi6B1N7wChLQiPn4CSH/zJvXw56gmHw=="],

    "domhandler": ["domhandler@5.0.3", "", { "dependencies": { "domelementtype": "^2.3.0" } }, "sha512-cgwlv/1iFQiFnU96XXgROh8xTeetsnJiDsTc7TYCLFd9+/WNkIqPTxiM/8pSd8VIrhXGTf1Ny1q1hquVqDJB5w=="],

    "domutils": ["domutils@3.2.2", "", { "dependencies": { "dom-serializer": "^2.0.0", "domelementtype": "^2.3.0", "domhandler": "^5.0.3" } }, "sha512-6kZKyUajlDuqlHKVX1w7gyslj9MPIXzIFiz/rGu35uC1wMi+kMhQwGhl4lt9unC9Vb9INnY9Z3/ZA3+FhASLaw=="],

    "dotenv": ["dotenv@16.6.1", "", {}, "sha512-uBq4egWHTcTt33a72vpSG0z3HnPuIl6NqYcTrKEg2azoEyl2hpW0zqlxysq2pK9HlDIHyHyakeYaYnSAwd8bow=="],

    "dotenv-cli": ["dotenv-cli@7.4.4", "", { "dependencies": { "cross-spawn": "^7.0.6", "dotenv": "^16.3.0", "dotenv-expand": "^10.0.0", "minimist": "^1.2.6" }, "bin": { "dotenv": "cli.js" } }, "sha512-XkBYCG0tPIes+YZr4SpfFv76SQrV/LeCE8CI7JSEMi3VR9MvTihCGTOtbIexD6i2mXF+6px7trb1imVCXSNMDw=="],

    "dotenv-expand": ["dotenv-expand@10.0.0", "", {}, "sha512-GopVGCpVS1UKH75VKHGuQFqS1Gusej0z4FyQkPdwjil2gNIv+LNsqBlboOzpJFZKVT95GkCyWJbBSdFEFUWI2A=="],

    "entities": ["entities@4.5.0", "", {}, "sha512-V0hjH4dGPh9Ao5p0MoRY6BVqtwCjhz6vI5LT8AJ55H+4g9/4vbHx1I54fS0XuclLhDHArPQCiMjDxjaL8fPxhw=="],

    "hono": ["hono@4.12.25", "", {}, "sha512-2NFaIyNVgJmBs/ecmtGzlmluTFs5cHEWGTdu0t1HBwYzoGXOL5nUQBRMXsXWla5i4KkG//QMzVP88m1+I3fdAQ=="],

    "html-to-text": ["html-to-text@9.0.5", "", { "dependencies": { "@selderee/plugin-htmlparser2": "^0.11.0", "deepmerge": "^4.3.1", "dom-serializer": "^2.0.0", "htmlparser2": "^8.0.2", "selderee": "^0.11.0" } }, "sha512-qY60FjREgVZL03vJU6IfMV4GDjGBIoOyvuFdpBDIX9yTlDw0TjxVBQp+P8NvpdIXNJvfWBTNul7fsAQJq2FNpg=="],

    "htmlparser2": ["htmlparser2@8.0.2", "", { "dependencies": { "domelementtype": "^2.3.0", "domhandler": "^5.0.3", "domutils": "^3.0.1", "entities": "^4.4.0" } }, "sha512-GYdjWKDkbRLkZ5geuHs5NY1puJ+PXwP7+fHPRz06Eirsb9ugf6d8kkXav6ADhcODhFFPMIXyxkxSuMf3D6NCFA=="],

    "isexe": ["isexe@2.0.0", "", {}, "sha512-RHxMLp9lnKHGHRng9QFhRCMbYAcVpn69smSGcq3f36xjgVVWThj4qqLbTLlq7Ssj8B+fIQ1EuCEGI2lKsyQeIw=="],

    "jose": ["jose@6.2.3", "", {}, "sha512-YYVDInQKFJfR/xa3ojUTl8c2KoTwiL1R5Wg9YCydwH0x0B9grbzlg5HC7mMjCtUJjbQ/YnGEZIhI5tCgfTb4Hw=="],

    "kysely": ["kysely@0.29.2", "", {}, "sha512-s6WVJyEZrbm6jhBpiKHsGHyePMrVQKJ85wZCFCr9W4QHv6WTjWIrdvTmO9hDEA3bNK0xkrE2DqrHsXMLWuZpQg=="],

    "leac": ["leac@0.6.0", "", {}, "sha512-y+SqErxb8h7nE/fiEX07jsbuhrpO9lL8eca7/Y1nuWV2moNlXhyd59iDGcRf6moVyDMbmTNzL40SUyrFU/yDpg=="],

    "marked": ["marked@15.0.12", "", { "bin": { "marked": "bin/marked.js" } }, "sha512-8dD6FusOQSrpv9Z1rdNMdlSgQOIP880DHqnohobOmYLElGEqAL/JvxvuxZO16r4HtjTlfPRDC1hbvxC9dPN2nA=="],

    "minimist": ["minimist@1.2.8", "", {}, "sha512-2yyAR8qBkN3YuheJanUpWC5U3bb5osDywNB8RzDVlDwDHbocAJveqqj1u8+SVD7jkWT4yvsHCpWqqWqAxb0zCA=="],

    "nanostores": ["nanostores@1.3.0", "", {}, "sha512-XPUa/jz+P1oJvN9VBxw4L9MtdFfaH3DAryqPssqhb2kXjmb9npz0dly6rCsgFWOPr4Yg9mTfM3MDZgZZ+7A3lA=="],

    "nodemailer": ["nodemailer@9.0.1", "", {}, "sha512-Gwv8SQewT616ZM/URn0H54b8PWo/Wum7md3EW2aWy1lO27+WZCX+Xyak3J+NlmHUjDh5ME+uesJUDRbR3Ye8Bw=="],

    "parseley": ["parseley@0.12.1", "", { "dependencies": { "leac": "^0.6.0", "peberminta": "^0.9.0" } }, "sha512-e6qHKe3a9HWr0oMRVDTRhKce+bRO8VGQR3NyVwcjwrbhMmFCX9KszEV35+rn4AdilFAq9VPxP/Fe1wC9Qjd2lw=="],

    "path-key": ["path-key@3.1.1", "", {}, "sha512-ojmeN0qd+y0jszEtoY48r0Peq5dwMEkIlCOu6Q5f41lfkswXuKtYrhgoTpLnyIcHm24Uhqx+5Tqm2InSwLhE6Q=="],

    "peberminta": ["peberminta@0.9.0", "", {}, "sha512-XIxfHpEuSJbITd1H3EeQwpcZbTLHc+VVr8ANI9t5sit565tsI4/xK3KWTUFE2e6QiangUkh3B0jihzmGnNrRsQ=="],

    "pg": ["pg@8.21.0", "", { "dependencies": { "pg-connection-string": "^2.13.0", "pg-pool": "^3.14.0", "pg-protocol": "^1.14.0", "pg-types": "2.2.0", "pgpass": "1.0.5" }, "optionalDependencies": { "pg-cloudflare": "^1.4.0" }, "peerDependencies": { "pg-native": ">=3.0.1" }, "optionalPeers": ["pg-native"] }, "sha512-AUP1EYJuHraQGsVoCQVIcM7TEJVGtDzxWtGFZd8rds9d+CCXlU5Js1rYgfLNvxy9iJrpHjGrRjoi/3BT9fRyiA=="],

    "pg-cloudflare": ["pg-cloudflare@1.4.0", "", {}, "sha512-Vo7z/6rrQYxpNRylp4Tlob2elzbh+N/MOQbxFVWCxS7oEx6jF53GTJFxK2WWpKuBRkmiin4Mt+xofFDjx09R0A=="],

    "pg-connection-string": ["pg-connection-string@2.13.0", "", {}, "sha512-EMnU9E2fSULdsbErBbMaXJvFeD9B4+nPcM3f+4lsiCR0BHLPrLVjv3DbyM2hgQQviKJaTWIRRTjKjWlHg3p2ig=="],

    "pg-int8": ["pg-int8@1.0.1", "", {}, "sha512-WCtabS6t3c8SkpDBUlb1kjOs7l66xsGdKpIPZsg4wR+B3+u9UAum2odSsF9tnvxg80h4ZxLWMy4pRjOsFIqQpw=="],

    "pg-pool": ["pg-pool@3.14.0", "", { "peerDependencies": { "pg": ">=8.0" } }, "sha512-gKtPkFdQPU3DksooVLi9LsjZxrsBUZIpa+7aVx+LV5pNh0KzP4Zleud2po+ConrxbuXGBJ6Hfer6hdgpIBpBaw=="],

    "pg-protocol": ["pg-protocol@1.14.0", "", {}, "sha512-n5taZ1kO3s9ngDTVxsEznOqCyToTgz0FLuPq0B33COy5pPpuWJpY3/2oRBVETuOgzdqRXfWpM9HIhp2LBBT1BA=="],

    "pg-types": ["pg-types@2.2.0", "", { "dependencies": { "pg-int8": "1.0.1", "postgres-array": "~2.0.0", "postgres-bytea": "~1.0.0", "postgres-date": "~1.0.4", "postgres-interval": "^1.1.0" } }, "sha512-qTAAlrEsl8s4OiEQY69wDvcMIdQN6wdz5ojQiOy6YRMuynxenON0O5oCpJI6lshc6scgAY8qvJ2On/p+CXY0GA=="],

    "pgpass": ["pgpass@1.0.5", "", { "dependencies": { "split2": "^4.1.0" } }, "sha512-FdW9r/jQZhSeohs1Z3sI1yxFQNFvMcnmfuj4WBMUTxOrAyLMaTcE1aAMBiTlbMNaXvBCQuVi0R7hd8udDSP7ug=="],

    "postgres-array": ["postgres-array@2.0.0", "", {}, "sha512-VpZrUqU5A69eQyW2c5CA1jtLecCsN2U/bD6VilrFDWq5+5UIEVO7nazS3TEcHf1zuPYO/sqGvUvW62g86RXZuA=="],

    "postgres-bytea": ["postgres-bytea@1.0.1", "", {}, "sha512-5+5HqXnsZPE65IJZSMkZtURARZelel2oXUEO8rH83VS/hxH5vv1uHquPg5wZs8yMAfdv971IU+kcPUczi7NVBQ=="],

    "postgres-date": ["postgres-date@1.0.7", "", {}, "sha512-suDmjLVQg78nMK2UZ454hAG+OAW+HQPZ6n++TNDUX+L0+uUlLywnoxJKDou51Zm+zTCjrCl0Nq6J9C5hP9vK/Q=="],

    "postgres-interval": ["postgres-interval@1.2.0", "", { "dependencies": { "xtend": "^4.0.0" } }, "sha512-9ZhXKM/rw350N1ovuWHbGxnGh/SNJ4cnxHiM0rxE4VN41wsg8P8zWn9hv/buK00RP4WvlOyr/RBDiptyxVbkZQ=="],

    "prettier": ["prettier@3.8.4", "", { "bin": { "prettier": "bin/prettier.cjs" } }, "sha512-N2MylSdi48+5N/6S5j+maeHbUSIzzZ5uOcX5Hm4QpV8Dkb1HFjfAKTKX6yNPJQD9AhcT3ifHNB66tWTTJDi11Q=="],

    "prismjs": ["prismjs@1.30.0", "", {}, "sha512-DEvV2ZF2r2/63V+tK8hQvrR2ZGn10srHbXviTlcv7Kpzw8jWiNTqbVgjO3IY8RxrrOUF8VPMQQFysYYYv0YZxw=="],

    "react": ["react@19.2.7", "", {}, "sha512-HNe9WslTbXmFK8o8cmwgAeJFSBvt1bPdHCVKtaaV+WlAN36mpT4hcRpwbf3fY56ar2oIXzsBpOAiIRHAdY0OlQ=="],

    "react-dom": ["react-dom@19.2.7", "", { "dependencies": { "scheduler": "^0.27.0" }, "peerDependencies": { "react": "^19.2.7" } }, "sha512-t0BRVXvbiE/o20Hfw669rLbMCDWtYZLvmJigy2f0MxsXF+71pxhR3xOkspmsO8h3ZlNzyibAmtCa3l4lYKk6gQ=="],

    "rou3": ["rou3@0.7.12", "", {}, "sha512-iFE4hLDuloSWcD7mjdCDhx2bKcIsYbtOTpfH5MHHLSKMOUyjqQXTeZVa289uuwEGEKFoE/BAPbhaU4B774nceg=="],

    "scheduler": ["scheduler@0.27.0", "", {}, "sha512-eNv+WrVbKu1f3vbYJT/xtiF5syA5HPIMtf9IgY/nKg0sWqzAUEvqY/xm7OcZc/qafLx/iO9FgOmeSAp4v5ti/Q=="],

    "selderee": ["selderee@0.11.0", "", { "dependencies": { "parseley": "^0.12.0" } }, "sha512-5TF+l7p4+OsnP8BCCvSyZiSPc4x4//p5uPwK8TCnVPJYRmU2aYKMpOXvw8zM5a5JvuuCGN1jmsMwuU2W02ukfA=="],

    "set-cookie-parser": ["set-cookie-parser@3.1.0", "", {}, "sha512-kjnC1DXBHcxaOaOXBHBeRtltsDG2nUiUni+jP92M9gYdW12rsmx92UsfpH7o5tDRs7I1ZZPSQJQGv3UaRfCiuw=="],

    "shebang-command": ["shebang-command@2.0.0", "", { "dependencies": { "shebang-regex": "^3.0.0" } }, "sha512-kHxr2zZpYtdmrN1qDjrrX/Z1rR1kG8Dx+gkpK1G4eXmvXswmcE1hTWBWYUzlraYw1/yZp6YuDY77YtvbN0dmDA=="],

    "shebang-regex": ["shebang-regex@3.0.0", "", {}, "sha512-7++dFhtcx3353uBaq8DDR4NuxBetBzC7ZQOhmTQInHEd6bSrXdiEyzCvG07Z44UYdLShWUyXt5M/yhz8ekcb1A=="],

    "split2": ["split2@4.2.0", "", {}, "sha512-UcjcJOWknrNkF6PLX83qcHM6KHgVKNkV62Y8a5uYDVv9ydGQVwAHMKqHdJje1VTWpljG0WYpCDhrCdAOYH4TWg=="],

    "tailwindcss": ["tailwindcss@4.3.1", "", {}, "sha512-hk+TB1m+K8CYNrP6rjQaq/Y+4Zylwpa87mLYBKCunwnnQ9p+fHb7kmSfGqyEJoxF/O6CDyABWVFEafNSYKll+Q=="],

    "typescript": ["typescript@5.9.3", "", { "bin": { "tsc": "bin/tsc", "tsserver": "bin/tsserver" } }, "sha512-jl1vZzPDinLr9eUt3J/t7V6FgNEw9QjvBPdysz9KfQDD41fQrC2Y4vKQdiaUpFT4bXlb1RHhLpp8wtm6M5TgSw=="],

    "undici-types": ["undici-types@7.24.6", "", {}, "sha512-WRNW+sJgj5OBN4/0JpHFqtqzhpbnV0GuB+OozA9gCL7a993SmU+1JBZCzLNxYsbMfIeDL+lTsphD5jN5N+n0zg=="],

    "which": ["which@2.0.2", "", { "dependencies": { "isexe": "^2.0.0" }, "bin": { "node-which": "./bin/node-which" } }, "sha512-BLI3Tl1TW3Pvl70l3yq3Y64i+awpwXqsGBYWkkqMtnbXgrMD+yj7rhW0kuEDxzJaYXGjEW5ogapKNMEKNMjibA=="],

    "xtend": ["xtend@4.0.2", "", {}, "sha512-LKYU1iAXJXUgAXn9URjiu+MWhyUXHsvfp7mcuYm9dSUKK0/CjtrUwFAxD82/mCWbtLsGjFIad0wIsod4zrTAEQ=="],

    "zod": ["zod@4.4.3", "", {}, "sha512-ytENFjIJFl2UwYglde2jchW2Hwm4GJFLDiSXWdTrJQBIN9Fcyp7n4DhxJEiWNAJMV1/BqWfW/kkg71UDcHJyTQ=="],

    "@react-email/components/@react-email/render": ["@react-email/render@2.0.6", "", { "dependencies": { "html-to-text": "^9.0.5", "prettier": "^3.5.3" }, "peerDependencies": { "react": "^18.0 || ^19.0 || ^19.0.0-rc", "react-dom": "^18.0 || ^19.0 || ^19.0.0-rc" } }, "sha512-xOzaYkH3jLZKqN5MqrTXYnmqBYUnZSVbkxdb5PGGmDcK6sKDVMliaDiSwfXajRC9JtSHTcGc2tmGLHWuCgVpog=="],
  }
}
